// !$*UTF8*$!
{
	archiveVersion = 1;
	classes = {
	};
	objectVersion = 56;
	objects = {

/* Begin PBXBuildFile section */
		BA4357872925600A0033A45D /* AppDelegate.swift in Sources */ = {isa = PBXBuildFile; fileRef = BA4357862925600A0033A45D /* AppDelegate.swift */; };
		BA4357892925600A0033A45D /* SceneDelegate.swift in Sources */ = {isa = PBXBuildFile; fileRef = BA4357882925600A0033A45D /* SceneDelegate.swift */; };
		BA43578B2925600A0033A45D /* ViewController.swift in Sources */ = {isa = PBXBuildFile; fileRef = BA43578A2925600A0033A45D /* ViewController.swift */; };
		BA43578E2925600A0033A45D /* Main.storyboard in Resources */ = {isa = PBXBuildFile; fileRef = BA43578C2925600A0033A45D /* Main.storyboard */; };
		BA435790292560110033A45D /* Assets.xcassets in Resources */ = {isa = PBXBuildFile; fileRef = BA43578F292560110033A45D /* Assets.xcassets */; };
		BA435793292560110033A45D /* LaunchScreen.storyboard in Resources */ = {isa = PBXBuildFile; fileRef = BA435791292560110033A45D /* LaunchScreen.storyboard */; };
		BABEB1422933CF5800A50DDF /* CellWith.xib in Resources */ = {isa = PBXBuildFile; fileRef = BABEB1412933CF5800A50DDF /* CellWith.xib */; };
		BABEB1442933D00300A50DDF /* CellWith.swift in Sources */ = {isa = PBXBuildFile; fileRef = BABEB1432933D00300A50DDF /* CellWith.swift */; };
		BAFBC2312936913E002ED1E5 /* SDWebImage.framework in Frameworks */ = {isa = PBXBuildFile; fileRef = BAFBC2302936913E002ED1E5 /* SDWebImage.framework */; };
		BAFBC2322936913E002ED1E5 /* SDWebImage.framework in Embed Frameworks */ = {isa = PBXBuildFile; fileRef = BAFBC2302936913E002ED1E5 /* SDWebImage.framework */; settings = {ATTRIBUTES = (CodeSignOnCopy, RemoveHeadersOnCopy, ); }; };
/* End PBXBuildFile section */

/* Begin PBXCopyFilesBuildPhase section */
		BAFBC2332936913E002ED1E5 /* Embed Frameworks */ = {
			isa = PBXCopyFilesBuildPhase;
			buildActionMask = 2147483647;
			dstPath = "";
			dstSubfolderSpec = 10;
			files = (
				BAFBC2322936913E002ED1E5 /* SDWebImage.framework in Embed Frameworks */,
			);
			name = "Embed Frameworks";
			runOnlyForDeploymentPostprocessing = 0;
		};
/* End PBXCopyFilesBuildPhase section */

/* Begin PBXFileReference section */
		45D118967D3D5430AEE53BF8 /* Pods-СР.debug.xcconfig */ = {isa = PBXFileReference; includeInIndex = 1; lastKnownFileType = text.xcconfig; name = "Pods-СР.debug.xcconfig"; path = "Target Support Files/Pods-СР/Pods-СР.debug.xcconfig"; sourceTree = "<group>"; };
		BA4357832925600A0033A45D /* СР.app */ = {isa = PBXFileReference; explicitFileType = wrapper.application; includeInIndex = 0; path = "СР.app"; sourceTree = BUILT_PRODUCTS_DIR; };
		BA4357862925600A0033A45D /* AppDelegate.swift */ = {isa = PBXFileReference; lastKnownFileType = sourcecode.swift; path = AppDelegate.swift; sourceTree = "<group>"; };
		BA4357882925600A0033A45D /* SceneDelegate.swift */ = {isa = PBXFileReference; lastKnownFileType = sourcecode.swift; path = SceneDelegate.swift; sourceTree = "<group>"; };
		BA43578A2925600A0033A45D /* ViewController.swift */ = {isa = PBXFileReference; lastKnownFileType = sourcecode.swift; path = ViewController.swift; sourceTree = "<group>"; };
		BA43578D2925600A0033A45D /* Base */ = {isa = PBXFileReference; lastKnownFileType = file.storyboard; name = Base; path = Base.lproj/Main.storyboard; sourceTree = "<group>"; };
		BA43578F292560110033A45D /* Assets.xcassets */ = {isa = PBXFileReference; lastKnownFileType = folder.assetcatalog; path = Assets.xcassets; sourceTree = "<group>"; };
		BA435792292560110033A45D /* Base */ = {isa = PBXFileReference; lastKnownFileType = file.storyboard; name = Base; path = Base.lproj/LaunchScreen.storyboard; sourceTree = "<group>"; };
		BA435794292560110033A45D /* Info.plist */ = {isa = PBXFileReference; lastKnownFileType = text.plist.xml; path = Info.plist; sourceTree = "<group>"; };
		BABEB1412933CF5800A50DDF /* CellWith.xib */ = {isa = PBXFileReference; lastKnownFileType = file.xib; path = CellWith.xib; sourceTree = "<group>"; };
		BABEB1432933D00300A50DDF /* CellWith.swift */ = {isa = PBXFileReference; lastKnownFileType = sourcecode.swift; path = CellWith.swift; sourceTree = "<group>"; };
		BAFBC2302936913E002ED1E5 /* SDWebImage.framework */ = {isa = PBXFileReference; explicitFileType = wrapper.framework; path = SDWebImage.framework; sourceTree = BUILT_PRODUCTS_DIR; };
		BAFBC23429369204002ED1E5 /* Pods_СР.framework */ = {isa = PBXFileReference; explicitFileType = wrapper.framework; path = "Pods_СР.framework"; sourceTree = BUILT_PRODUCTS_DIR; };
		CB14E2703F22EB365603E33A /* Pods-СР.release.xcconfig */ = {isa = PBXFileReference; includeInIndex = 1; lastKnownFileType = text.xcconfig; name = "Pods-СР.release.xcconfig"; path = "Target Support Files/Pods-СР/Pods-СР.release.xcconfig"; sourceTree = "<group>"; };
		FB8F7EF4C03242147F817F09 /* Pods___.framework */ = {isa = PBXFileReference; explicitFileType = wrapper.framework; includeInIndex = 0; path = "Pods___.framework"; sourceTree = BUILT_PRODUCTS_DIR; };
/* End PBXFileReference section */

/* Begin PBXFrameworksBuildPhase section */
		BA4357802925600A0033A45D /* Frameworks */ = {
			isa = PBXFrameworksBuildPhase;
			buildActionMask = 2147483647;
			files = (
				BAFBC2312936913E002ED1E5 /* SDWebImage.framework in Frameworks */,
			);
			runOnlyForDeploymentPostprocessing = 0;
		};
/* End PBXFrameworksBuildPhase section */

/* Begin PBXGroup section */
		BA43577A2925600A0033A45D = {
			isa = PBXGroup;
			children = (
				BA4357852925600A0033A45D /* СР */,
				BA4357842925600A0033A45D /* Products */,
				F5CAA1BB74AD328999FCF53A /* Pods */,
				EF31DEEF82941773EB5A07A0 /* Frameworks */,
			);
			sourceTree = "<group>";
		};
		BA4357842925600A0033A45D /* Products */ = {
			isa = PBXGroup;
			children = (
				BA4357832925600A0033A45D /* СР.app */,
			);
			name = Products;
			sourceTree = "<group>";
		};
		BA4357852925600A0033A45D /* СР */ = {
			isa = PBXGroup;
			children = (
				BABEB1402933CF1A00A50DDF /* Cell */,
				BA4357862925600A0033A45D /* AppDelegate.swift */,
				BA4357882925600A0033A45D /* SceneDelegate.swift */,
				BA43578A2925600A0033A45D /* ViewController.swift */,
				BA43578C2925600A0033A45D /* Main.storyboard */,
				BA43578F292560110033A45D /* Assets.xcassets */,
				BA435791292560110033A45D /* LaunchScreen.storyboard */,
				BA435794292560110033A45D /* Info.plist */,
			);
			path = "СР";
			sourceTree = "<group>";
		};
		BABEB1402933CF1A00A50DDF /* Cell */ = {
			isa = PBXGroup;
			children = (
				BABEB1412933CF5800A50DDF /* CellWith.xib */,
				BABEB1432933D00300A50DDF /* CellWith.swift */,
			);
			path = Cell;
			sourceTree = "<group>";
		};
		EF31DEEF82941773EB5A07A0 /* Frameworks */ = {
			isa = PBXGroup;
			children = (
				BAFBC23429369204002ED1E5 /* Pods_СР.framework */,
				BAFBC2302936913E002ED1E5 /* SDWebImage.framework */,
				FB8F7EF4C03242147F817F09 /* Pods___.framework */,
			);
			name = Frameworks;
			sourceTree = "<group>";
		};
		F5CAA1BB74AD328999FCF53A /* Pods */ = {
			isa = PBXGroup;
			children = (
				45D118967D3D5430AEE53BF8 /* Pods-СР.debug.xcconfig */,
				CB14E2703F22EB365603E33A /* Pods-СР.release.xcconfig */,
			);
			path = Pods;
			sourceTree = "<group>";
		};
/* End PBXGroup section */

/* Begin PBXNativeTarget section */
		BA4357822925600A0033A45D /* СР */ = {
			isa = PBXNativeTarget;
			buildConfigurationList = BA435797292560110033A45D /* Build configuration list for PBXNativeTarget "СР" */;
			buildPhases = (
				95E969D39300A8E317383116 /* [CP] Check Pods Manifest.lock */,
				BA43577F2925600A0033A45D /* Sources */,
				BA4357802925600A0033A45D /* Frameworks */,
				BA4357812925600A0033A45D /* Resources */,
				8145BDE52C4BAE4B0070FCE7 /* [CP] Embed Pods Frameworks */,
				BAFBC2332936913E002ED1E5 /* Embed Frameworks */,
			);
			buildRules = (
			);
			dependencies = (
			);
			name = "СР";
			productName = "СР";
			productReference = BA4357832925600A0033A45D /* СР.app */;
			productType = "com.apple.product-type.application";
		};
/* End PBXNativeTarget section */

/* Begin PBXProject section */
		BA43577B2925600A0033A45D /* Project object */ = {
			isa = PBXProject;
			attributes = {
				BuildIndependentTargetsInParallel = 1;
				LastSwiftUpdateCheck = 1410;
				LastUpgradeCheck = 1410;
				TargetAttributes = {
					BA4357822925600A0033A45D = {
						CreatedOnToolsVersion = 14.1;
					};
				};
			};
			buildConfigurationList = BA43577E2925600A0033A45D /* Build configuration list for PBXProject "СР" */;
			compatibilityVersion = "Xcode 14.0";
			developmentRegion = en;
			hasScannedForEncodings = 0;
			knownRegions = (
				en,
				Base,
			);
			mainGroup = BA43577A2925600A0033A45D;
			productRefGroup = BA4357842925600A0033A45D /* Products */;
			projectDirPath = "";
			projectRoot = "";
			targets = (
				BA4357822925600A0033A45D /* СР */,
			);
		};
/* End PBXProject section */

/* Begin PBXResourcesBuildPhase section */
		BA4357812925600A0033A45D /* Resources */ = {
			isa = PBXResourcesBuildPhase;
			buildActionMask = 2147483647;
			files = (
				BABEB1422933CF5800A50DDF /* CellWith.xib in Resources */,
				BA435793292560110033A45D /* LaunchScreen.storyboard in Resources */,
				BA435790292560110033A45D /* Assets.xcassets in Resources */,
				BA43578E2925600A0033A45D /* Main.storyboard in Resources */,
			);
			runOnlyForDeploymentPostprocessing = 0;
		};
/* End PBXResourcesBuildPhase section */

/* Begin PBXShellScriptBuildPhase section */
		8145BDE52C4BAE4B0070FCE7 /* [CP] Embed Pods Frameworks */ = {
			isa = PBXShellScriptBuildPhase;
			buildActionMask = 2147483647;
			files = (
			);
			inputFileListPaths = (
				"${PODS_ROOT}/Target Support Files/Pods-СР/Pods-СР-frameworks-${CONFIGURATION}-input-files.xcfilelist",
			);
			name = "[CP] Embed Pods Frameworks";
			outputFileListPaths = (
				"${PODS_ROOT}/Target Support Files/Pods-СР/Pods-СР-frameworks-${CONFIGURATION}-output-files.xcfilelist",
			);
			runOnlyForDeploymentPostprocessing = 0;
			shellPath = /bin/sh;
			shellScript = "\"${PODS_ROOT}/Target Support Files/Pods-СР/Pods-СР-frameworks.sh\"\n";
			showEnvVarsInLog = 0;
		};
		95E969D39300A8E317383116 /* [CP] Check Pods Manifest.lock */ = {
			isa = PBXShellScriptBuildPhase;
			buildActionMask = 2147483647;
			files = (
			);
			inputFileListPaths = (
			);
			inputPaths = (
				"${PODS_PODFILE_DIR_PATH}/Podfile.lock",
				"${PODS_ROOT}/Manifest.lock",
			);
			name = "[CP] Check Pods Manifest.lock";
			outputFileListPaths = (
			);
			outputPaths = (
				"$(DERIVED_FILE_DIR)/Pods-СР-checkManifestLockResult.txt",
			);
			runOnlyForDeploymentPostprocessing = 0;
			shellPath = /bin/sh;
			shellScript = "diff \"${PODS_PODFILE_DIR_PATH}/Podfile.lock\" \"${PODS_ROOT}/Manifest.lock\" > /dev/null\nif [ $? != 0 ] ; then\n    # print error to STDERR\n    echo \"error: The sandbox is not in sync with the Podfile.lock. Run 'pod install' or update your CocoaPods installation.\" >&2\n    exit 1\nfi\n# This output is used by Xcode 'outputs' to avoid re-running this script phase.\necho \"SUCCESS\" > \"${SCRIPT_OUTPUT_FILE_0}\"\n";
			showEnvVarsInLog = 0;
		};
/* End PBXShellScriptBuildPhase section */

/* Begin PBXSourcesBuildPhase section */
		BA43577F2925600A0033A45D /* Sources */ = {
			isa = PBXSourcesBuildPhase;
			buildActionMask = 2147483647;
			files = (
				BA43578B2925600A0033A45D /* ViewController.swift in Sources */,
				BABEB1442933D00300A50DDF /* CellWith.swift in Sources */,
				BA4357872925600A0033A45D /* AppDelegate.swift in Sources */,
				BA4357892925600A0033A45D /* SceneDelegate.swift in Sources */,
			);
			runOnlyForDeploymentPostprocessing = 0;
		};
/* End PBXSourcesBuildPhase section */

/* Begin PBXVariantGroup section */
		BA43578C2925600A0033A45D /* Main.storyboard */ = {
			isa = PBXVariantGroup;
			children = (
				BA43578D2925600A0033A45D /* Base */,
			);
			name = Main.storyboard;
			sourceTree = "<group>";
		};
		BA435791292560110033A45D /* LaunchScreen.storyboard */ = {
			isa = PBXVariantGroup;
			children = (
				BA435792292560110033A45D /* Base */,
			);
			name = LaunchScreen.storyboard;
			sourceTree = "<group>";
		};
/* End PBXVariantGroup section */

/* Begin XCBuildConfiguration section */
		BA435795292560110033A45D /* Debug */ = {
			isa = XCBuildConfiguration;
			buildSettings = {
				ALWAYS_SEARCH_USER_PATHS = NO;
				CLANG_ANALYZER_NONNULL = YES;
				CLANG_ANALYZER_NUMBER_OBJECT_CONVERSION = YES_AGGRESSIVE;
				CLANG_CXX_LANGUAGE_STANDARD = "gnu++20";
				CLANG_ENABLE_MODULES = YES;
				CLANG_ENABLE_OBJC_ARC = YES;
				CLANG_ENABLE_OBJC_WEAK = YES;
				CLANG_WARN_BLOCK_CAPTURE_AUTORELEASING = YES;
				CLANG_WARN_BOOL_CONVERSION = YES;
				CLANG_WARN_COMMA = YES;
				CLANG_WARN_CONSTANT_CONVERSION = YES;
				CLANG_WARN_DEPRECATED_OBJC_IMPLEMENTATIONS = YES;
				CLANG_WARN_DIRECT_OBJC_ISA_USAGE = YES_ERROR;
				CLANG_WARN_DOCUMENTATION_COMMENTS = YES;
				CLANG_WARN_EMPTY_BODY = YES;
				CLANG_WARN_ENUM_CONVERSION = YES;
				CLANG_WARN_INFINITE_RECURSION = YES;
				CLANG_WARN_INT_CONVERSION = YES;
				CLANG_WARN_NON_LITERAL_NULL_CONVERSION = YES;
				CLANG_WARN_OBJC_IMPLICIT_RETAIN_SELF = YES;
				CLANG_WARN_OBJC_LITERAL_CONVERSION = YES;
				CLANG_WARN_OBJC_ROOT_CLASS = YES_ERROR;
				CLANG_WARN_QUOTED_INCLUDE_IN_FRAMEWORK_HEADER = YES;
				CLANG_WARN_RANGE_LOOP_ANALYSIS = YES;
				CLANG_WARN_STRICT_PROTOTYPES = YES;
				CLANG_WARN_SUSPICIOUS_MOVE = YES;
				CLANG_WARN_UNGUARDED_AVAILABILITY = YES_AGGRESSIVE;
				CLANG_WARN_UNREACHABLE_CODE = YES;
				CLANG_WARN__DUPLICATE_METHOD_MATCH = YES;
				COPY_PHASE_STRIP = NO;
				DEBUG_INFORMATION_FORMAT = dwarf;
				ENABLE_STRICT_OBJC_MSGSEND = YES;
				ENABLE_TESTABILITY = YES;
				GCC_C_LANGUAGE_STANDARD = gnu11;
				GCC_DYNAMIC_NO_PIC = NO;
				GCC_NO_COMMON_BLOCKS = YES;
				GCC_OPTIMIZATION_LEVEL = 0;
				GCC_PREPROCESSOR_DEFINITIONS = (
					"DEBUG=1",
					"$(inherited)",
				);
				GCC_WARN_64_TO_32_BIT_CONVERSION = YES;
				GCC_WARN_ABOUT_RETURN_TYPE = YES_ERROR;
				GCC_WARN_UNDECLARED_SELECTOR = YES;
				GCC_WARN_UNINITIALIZED_AUTOS = YES_AGGRESSIVE;
				GCC_WARN_UNUSED_FUNCTION = YES;
				GCC_WARN_UNUSED_VARIABLE = YES;
				IPHONEOS_DEPLOYMENT_TARGET = 16.1;
				MTL_ENABLE_DEBUG_INFO = INCLUDE_SOURCE;
				MTL_FAST_MATH = YES;
				ONLY_ACTIVE_ARCH = YES;
				SDKROOT = iphoneos;
				SWIFT_ACTIVE_COMPILATION_CONDITIONS = DEBUG;
				SWIFT_OPTIMIZATION_LEVEL = "-Onone";
			};
			name = Debug;
		};
		BA435796292560110033A45D /* Release */ = {
			isa = XCBuildConfiguration;
			buildSettings = {
				ALWAYS_SEARCH_USER_PATHS = NO;
				CLANG_ANALYZER_NONNULL = YES;
				CLANG_ANALYZER_NUMBER_OBJECT_CONVERSION = YES_AGGRESSIVE;
				CLANG_CXX_LANGUAGE_STANDARD = "gnu++20";
				CLANG_ENABLE_MODULES = YES;
				CLANG_ENABLE_OBJC_ARC = YES;
				CLANG_ENABLE_OBJC_WEAK = YES;
				CLANG_WARN_BLOCK_CAPTURE_AUTORELEASING = YES;
				CLANG_WARN_BOOL_CONVERSION = YES;
				CLANG_WARN_COMMA = YES;
				CLANG_WARN_CONSTANT_CONVERSION = YES;
				CLANG_WARN_DEPRECATED_OBJC_IMPLEMENTATIONS = YES;
				CLANG_WARN_DIRECT_OBJC_ISA_USAGE = YES_ERROR;
				CLANG_WARN_DOCUMENTATION_COMMENTS = YES;
				CLANG_WARN_EMPTY_BODY = YES;
				CLANG_WARN_ENUM_CONVERSION = YES;
				CLANG_WARN_INFINITE_RECURSION = YES;
				CLANG_WARN_INT_CONVERSION = YES;
				CLANG_WARN_NON_LITERAL_NULL_CONVERSION = YES;
				CLANG_WARN_OBJC_IMPLICIT_RETAIN_SELF = YES;
				CLANG_WARN_OBJC_LITERAL_CONVERSION = YES;
				CLANG_WARN_OBJC_ROOT_CLASS = YES_ERROR;
				CLANG_WARN_QUOTED_INCLUDE_IN_FRAMEWORK_HEADER = YES;
				CLANG_WARN_RANGE_LOOP_ANALYSIS = YES;
				CLANG_WARN_STRICT_PROTOTYPES = YES;
				CLANG_WARN_SUSPICIOUS_MOVE = YES;
				CLANG_WARN_UNGUARDED_AVAILABILITY = YES_AGGRESSIVE;
				CLANG_WARN_UNREACHABLE_CODE = YES;
				CLANG_WARN__DUPLICATE_METHOD_MATCH = YES;
				COPY_PHASE_STRIP = NO;
				DEBUG_INFORMATION_FORMAT = "dwarf-with-dsym";
				ENABLE_NS_ASSERTIONS = NO;
				ENABLE_STRICT_OBJC_MSGSEND = YES;
				GCC_C_LANGUAGE_STANDARD = gnu11;
				GCC_NO_COMMON_BLOCKS = YES;
				GCC_WARN_64_TO_32_BIT_CONVERSION = YES;
				GCC_WARN_ABOUT_RETURN_TYPE = YES_ERROR;
				GCC_WARN_UNDECLARED_SELECTOR = YES;
				GCC_WARN_UNINITIALIZED_AUTOS = YES_AGGRESSIVE;
				GCC_WARN_UNUSED_FUNCTION = YES;
				GCC_WARN_UNUSED_VARIABLE = YES;
				IPHONEOS_DEPLOYMENT_TARGET = 16.1;
				MTL_ENABLE_DEBUG_INFO = NO;
				MTL_FAST_MATH = YES;
				SDKROOT = iphoneos;
				SWIFT_COMPILATION_MODE = wholemodule;
				SWIFT_OPTIMIZATION_LEVEL = "-O";
				VALIDATE_PRODUCT = YES;
			};
			name = Release;
		};
		BA435798292560110033A45D /* Debug */ = {
			isa = XCBuildConfiguration;
			baseConfigurationReference = 45D118967D3D5430AEE53BF8 /* Pods-СР.debug.xcconfig */;
			buildSettings = {
				ASSETCATALOG_COMPILER_APPICON_NAME = AppIcon;
				ASSETCATALOG_COMPILER_GLOBAL_ACCENT_COLOR_NAME = AccentColor;
				CODE_SIGN_STYLE = Automatic;
				CURRENT_PROJECT_VERSION = 1;
				GENERATE_INFOPLIST_FILE = YES;
				INFOPLIST_FILE = "СР/Info.plist";
				INFOPLIST_KEY_UIApplicationSupportsIndirectInputEvents = YES;
				INFOPLIST_KEY_UILaunchStoryboardName = LaunchScreen;
				INFOPLIST_KEY_UIMainStoryboardFile = Main;
				INFOPLIST_KEY_UISupportedInterfaceOrientations_iPad = "UIInterfaceOrientationPortrait UIInterfaceOrientationPortraitUpsideDown UIInterfaceOrientationLandscapeLeft UIInterfaceOrientationLandscapeRight";
				INFOPLIST_KEY_UISupportedInterfaceOrientations_iPhone = "UIInterfaceOrientationPortrait UIInterfaceOrientationLandscapeLeft UIInterfaceOrientationLandscapeRight";
				LD_RUNPATH_SEARCH_PATHS = (
					"$(inherited)",
					"@executable_path/Frameworks",
				);
				MARKETING_VERSION = 1.0;
				PRODUCT_BUNDLE_IDENTIFIER = "AR.--";
				PRODUCT_NAME = "$(TARGET_NAME)";
				SWIFT_EMIT_LOC_STRINGS = YES;
				SWIFT_VERSION = 5.0;
				TARGETED_DEVICE_FAMILY = "1,2";
			};
			name = Debug;
		};
		BA435799292560110033A45D /* Release */ = {
			isa = XCBuildConfiguration;
			baseConfigurationReference = CB14E2703F22EB365603E33A /* Pods-СР.release.xcconfig */;
			buildSettings = {
				ASSETCATALOG_COMPILER_APPICON_NAME = AppIcon;
				ASSETCATALOG_COMPILER_GLOBAL_ACCENT_COLOR_NAME = AccentColor;
				CODE_SIGN_STYLE = Automatic;
				CURRENT_PROJECT_VERSION = 1;
				GENERATE_INFOPLIST_FILE = YES;
				INFOPLIST_FILE = "СР/Info.plist";
				INFOPLIST_KEY_UIApplicationSupportsIndirectInputEvents = YES;
				INFOPLIST_KEY_UILaunchStoryboardName = LaunchScreen;
				INFOPLIST_KEY_UIMainStoryboardFile = Main;
				INFOPLIST_KEY_UISupportedInterfaceOrientations_iPad = "UIInterfaceOrientationPortrait UIInterfaceOrientationPortraitUpsideDown UIInterfaceOrientationLandscapeLeft UIInterfaceOrientationLandscapeRight";
				INFOPLIST_KEY_UISupportedInterfaceOrientations_iPhone = "UIInterfaceOrientationPortrait UIInterfaceOrientationLandscapeLeft UIInterfaceOrientationLandscapeRight";
				LD_RUNPATH_SEARCH_PATHS = (
					"$(inherited)",
					"@executable_path/Frameworks",
				);
				MARKETING_VERSION = 1.0;
				PRODUCT_BUNDLE_IDENTIFIER = "AR.--";
				PRODUCT_NAME = "$(TARGET_NAME)";
				SWIFT_EMIT_LOC_STRINGS = YES;
				SWIFT_VERSION = 5.0;
				TARGETED_DEVICE_FAMILY = "1,2";
			};
			name = Release;
		};
/* End XCBuildConfiguration section */

/* Begin XCConfigurationList section */
		BA43577E2925600A0033A45D /* Build configuration list for PBXProject "СР" */ = {
			isa = XCConfigurationList;
			buildConfigurations = (
				BA435795292560110033A45D /* Debug */,
				BA435796292560110033A45D /* Release */,
			);
			defaultConfigurationIsVisible = 0;
			defaultConfigurationName = Release;
		};
		BA435797292560110033A45D /* Build configuration list for PBXNativeTarget "СР" */ = {
			isa = XCConfigurationList;
			buildConfigurations = (
				BA435798292560110033A45D /* Debug */,
				BA435799292560110033A45D /* Release */,
			);
			defaultConfigurationIsVisible = 0;
			defaultConfigurationName = Release;
		};
/* End XCConfigurationList section */
	};
	rootObject = BA43577B2925600A0033A45D /* Project object */;
}
